// !$*UTF8*$!
{
	archiveVersion = 1;
	classes = {
	};
	objectVersion = 51;
	objects = {

/* Begin PBXBuildFile section */
		856109C626B408BD00AABA07 /* GoogleService-Info.plist in Resources */ = {isa = PBXBuildFile; fileRef = 856109C526B408BD00AABA07 /* GoogleService-Info.plist */; };
		857DB8B026B2952100952EC7 /* AppDelegate.swift in Sources */ = {isa = PBXBuildFile; fileRef = 857DB8AF26B2952100952EC7 /* AppDelegate.swift */; };
		857DB8B226B2952100952EC7 /* SceneDelegate.swift in Sources */ = {isa = PBXBuildFile; fileRef = 857DB8B126B2952100952EC7 /* SceneDelegate.swift */; };
		857DB8B426B2952100952EC7 /* ConversationViewController.swift in Sources */ = {isa = PBXBuildFile; fileRef = 857DB8B326B2952100952EC7 /* ConversationViewController.swift */; };
		857DB8B726B2952100952EC7 /* Main.storyboard in Resources */ = {isa = PBXBuildFile; fileRef = 857DB8B526B2952100952EC7 /* Main.storyboard */; };
		857DB8B926B2952300952EC7 /* Assets.xcassets in Resources */ = {isa = PBXBuildFile; fileRef = 857DB8B826B2952300952EC7 /* Assets.xcassets */; };
		857DB8BC26B2952300952EC7 /* LaunchScreen.storyboard in Resources */ = {isa = PBXBuildFile; fileRef = 857DB8BA26B2952300952EC7 /* LaunchScreen.storyboard */; };
		857DB8CB26B2997D00952EC7 /* LoginViewController.swift in Sources */ = {isa = PBXBuildFile; fileRef = 857DB8CA26B2997D00952EC7 /* LoginViewController.swift */; };
		857DB8CD26B2999A00952EC7 /* RegisterViewController.swift in Sources */ = {isa = PBXBuildFile; fileRef = 857DB8CC26B2999A00952EC7 /* RegisterViewController.swift */; };
		85FD927526B2E8DC003B0FD1 /* PhotoViewerViewController.swift in Sources */ = {isa = PBXBuildFile; fileRef = 85FD927426B2E8DC003B0FD1 /* PhotoViewerViewController.swift */; };
		85FD927726B2E8E5003B0FD1 /* VideoPlayerViewController.swift in Sources */ = {isa = PBXBuildFile; fileRef = 85FD927626B2E8E5003B0FD1 /* VideoPlayerViewController.swift */; };
		85FD927926B2E926003B0FD1 /* NewConversationViewController.swift in Sources */ = {isa = PBXBuildFile; fileRef = 85FD927826B2E926003B0FD1 /* NewConversationViewController.swift */; };
		85FD927B26B2E94A003B0FD1 /* ProfileViewController.swift in Sources */ = {isa = PBXBuildFile; fileRef = 85FD927A26B2E94A003B0FD1 /* ProfileViewController.swift */; };
		85FD927E26B2F25A003B0FD1 /* Extensions.swift in Sources */ = {isa = PBXBuildFile; fileRef = 85FD927D26B2F25A003B0FD1 /* Extensions.swift */; };
		96946491237A0968559CAA1D /* Pods_Messenger_Demo.framework in Frameworks */ = {isa = PBXBuildFile; fileRef = 848AD18B866F01AF645F7E24 /* Pods_Messenger_Demo.framework */; };
/* End PBXBuildFile section */

/* Begin PBXFileReference section */
		483CBBFB9FEC6FB4649DDED8 /* Pods-Messenger_Demo.debug.xcconfig */ = {isa = PBXFileReference; includeInIndex = 1; lastKnownFileType = text.xcconfig; name = "Pods-Messenger_Demo.debug.xcconfig"; path = "Target Support Files/Pods-Messenger_Demo/Pods-Messenger_Demo.debug.xcconfig"; sourceTree = "<group>"; };
		848AD18B866F01AF645F7E24 /* Pods_Messenger_Demo.framework */ = {isa = PBXFileReference; explicitFileType = wrapper.framework; includeInIndex = 0; path = Pods_Messenger_Demo.framework; sourceTree = BUILT_PRODUCTS_DIR; };
		856109C526B408BD00AABA07 /* GoogleService-Info.plist */ = {isa = PBXFileReference; fileEncoding = 4; lastKnownFileType = text.plist.xml; path = "GoogleService-Info.plist"; sourceTree = "<group>"; };
		857DB8AC26B2952100952EC7 /* Messenger_Demo.app */ = {isa = PBXFileReference; explicitFileType = wrapper.application; includeInIndex = 0; path = Messenger_Demo.app; sourceTree = BUILT_PRODUCTS_DIR; };
		857DB8AF26B2952100952EC7 /* AppDelegate.swift */ = {isa = PBXFileReference; lastKnownFileType = sourcecode.swift; path = AppDelegate.swift; sourceTree = "<group>"; };
		857DB8B126B2952100952EC7 /* SceneDelegate.swift */ = {isa = PBXFileReference; lastKnownFileType = sourcecode.swift; path = SceneDelegate.swift; sourceTree = "<group>"; };
		857DB8B326B2952100952EC7 /* ConversationViewController.swift */ = {isa = PBXFileReference; lastKnownFileType = sourcecode.swift; path = ConversationViewController.swift; sourceTree = "<group>"; };
		857DB8B626B2952100952EC7 /* Base */ = {isa = PBXFileReference; lastKnownFileType = file.storyboard; name = Base; path = Base.lproj/Main.storyboard; sourceTree = "<group>"; };
		857DB8B826B2952300952EC7 /* Assets.xcassets */ = {isa = PBXFileReference; lastKnownFileType = folder.assetcatalog; path = Assets.xcassets; sourceTree = "<group>"; };
		857DB8BB26B2952300952EC7 /* Base */ = {isa = PBXFileReference; lastKnownFileType = file.storyboard; name = Base; path = Base.lproj/LaunchScreen.storyboard; sourceTree = "<group>"; };
		857DB8BD26B2952300952EC7 /* Info.plist */ = {isa = PBXFileReference; lastKnownFileType = text.plist.xml; path = Info.plist; sourceTree = "<group>"; };
		857DB8CA26B2997D00952EC7 /* LoginViewController.swift */ = {isa = PBXFileReference; lastKnownFileType = sourcecode.swift; path = LoginViewController.swift; sourceTree = "<group>"; };
		857DB8CC26B2999A00952EC7 /* RegisterViewController.swift */ = {isa = PBXFileReference; lastKnownFileType = sourcecode.swift; path = RegisterViewController.swift; sourceTree = "<group>"; };
		85FD927426B2E8DC003B0FD1 /* PhotoViewerViewController.swift */ = {isa = PBXFileReference; lastKnownFileType = sourcecode.swift; path = PhotoViewerViewController.swift; sourceTree = "<group>"; };
		85FD927626B2E8E5003B0FD1 /* VideoPlayerViewController.swift */ = {isa = PBXFileReference; lastKnownFileType = sourcecode.swift; path = VideoPlayerViewController.swift; sourceTree = "<group>"; };
		85FD927826B2E926003B0FD1 /* NewConversationViewController.swift */ = {isa = PBXFileReference; lastKnownFileType = sourcecode.swift; path = NewConversationViewController.swift; sourceTree = "<group>"; };
		85FD927A26B2E94A003B0FD1 /* ProfileViewController.swift */ = {isa = PBXFileReference; lastKnownFileType = sourcecode.swift; path = ProfileViewController.swift; sourceTree = "<group>"; };
		85FD927D26B2F25A003B0FD1 /* Extensions.swift */ = {isa = PBXFileReference; lastKnownFileType = sourcecode.swift; path = Extensions.swift; sourceTree = "<group>"; };
		CF62E2D9E247966E12A45C4D /* Pods-Messenger_Demo.release.xcconfig */ = {isa = PBXFileReference; includeInIndex = 1; lastKnownFileType = text.xcconfig; name = "Pods-Messenger_Demo.release.xcconfig"; path = "Target Support Files/Pods-Messenger_Demo/Pods-Messenger_Demo.release.xcconfig"; sourceTree = "<group>"; };
/* End PBXFileReference section */

/* Begin PBXFrameworksBuildPhase section */
		857DB8A926B2952100952EC7 /* Frameworks */ = {
			isa = PBXFrameworksBuildPhase;
			buildActionMask = 2147483647;
			files = (
				96946491237A0968559CAA1D /* Pods_Messenger_Demo.framework in Frameworks */,
			);
			runOnlyForDeploymentPostprocessing = 0;
		};
/* End PBXFrameworksBuildPhase section */

/* Begin PBXGroup section */
		6FFC2D35C1E9A1D305F253A1 /* Frameworks */ = {
			isa = PBXGroup;
			children = (
				848AD18B866F01AF645F7E24 /* Pods_Messenger_Demo.framework */,
			);
			name = Frameworks;
			sourceTree = "<group>";
		};
		857DB8A326B2952100952EC7 = {
			isa = PBXGroup;
			children = (
				857DB8AE26B2952100952EC7 /* Messenger_Demo */,
				857DB8AD26B2952100952EC7 /* Products */,
				A3960155B6C76FE82B7CC88D /* Pods */,
				6FFC2D35C1E9A1D305F253A1 /* Frameworks */,
			);
			sourceTree = "<group>";
		};
		857DB8AD26B2952100952EC7 /* Products */ = {
			isa = PBXGroup;
			children = (
				857DB8AC26B2952100952EC7 /* Messenger_Demo.app */,
			);
			name = Products;
			sourceTree = "<group>";
		};
		857DB8AE26B2952100952EC7 /* Messenger_Demo */ = {
			isa = PBXGroup;
			children = (
				857DB8C826B2976C00952EC7 /* Resources */,
				857DB8C626B2974600952EC7 /* ViewModels */,
				857DB8C726B2976000952EC7 /* Models */,
				857DB8C426B2973C00952EC7 /* Views */,
				857DB8C326B2970A00952EC7 /* Controllers */,
				857DB8BD26B2952300952EC7 /* Info.plist */,
				856109C526B408BD00AABA07 /* GoogleService-Info.plist */,
			);
			path = Messenger_Demo;
			sourceTree = "<group>";
		};
		857DB8C326B2970A00952EC7 /* Controllers */ = {
			isa = PBXGroup;
			children = (
				857DB8B326B2952100952EC7 /* ConversationViewController.swift */,
				85FD927C26B2EAE7003B0FD1 /* Login_Register */,
				85FD927426B2E8DC003B0FD1 /* PhotoViewerViewController.swift */,
				85FD927626B2E8E5003B0FD1 /* VideoPlayerViewController.swift */,
				85FD927826B2E926003B0FD1 /* NewConversationViewController.swift */,
				85FD927A26B2E94A003B0FD1 /* ProfileViewController.swift */,
			);
			path = Controllers;
			sourceTree = "<group>";
		};
		857DB8C426B2973C00952EC7 /* Views */ = {
			isa = PBXGroup;
			children = (
				857DB8C926B297B700952EC7 /* Storyboard */,
				857DB8B826B2952300952EC7 /* Assets.xcassets */,
			);
			path = Views;
			sourceTree = "<group>";
		};
		857DB8C626B2974600952EC7 /* ViewModels */ = {
			isa = PBXGroup;
			children = (
			);
			path = ViewModels;
			sourceTree = "<group>";
		};
		857DB8C726B2976000952EC7 /* Models */ = {
			isa = PBXGroup;
			children = (
			);
			path = Models;
			sourceTree = "<group>";
		};
		857DB8C826B2976C00952EC7 /* Resources */ = {
			isa = PBXGroup;
			children = (
				857DB8AF26B2952100952EC7 /* AppDelegate.swift */,
				857DB8B126B2952100952EC7 /* SceneDelegate.swift */,
				85FD927D26B2F25A003B0FD1 /* Extensions.swift */,
			);
			path = Resources;
			sourceTree = "<group>";
		};
		857DB8C926B297B700952EC7 /* Storyboard */ = {
			isa = PBXGroup;
			children = (
				857DB8B526B2952100952EC7 /* Main.storyboard */,
				857DB8BA26B2952300952EC7 /* LaunchScreen.storyboard */,
			);
			path = Storyboard;
			sourceTree = "<group>";
		};
		85FD927C26B2EAE7003B0FD1 /* Login_Register */ = {
			isa = PBXGroup;
			children = (
				857DB8CA26B2997D00952EC7 /* LoginViewController.swift */,
				857DB8CC26B2999A00952EC7 /* RegisterViewController.swift */,
			);
			path = Login_Register;
			sourceTree = "<group>";
		};
		A3960155B6C76FE82B7CC88D /* Pods */ = {
			isa = PBXGroup;
			children = (
				483CBBFB9FEC6FB4649DDED8 /* Pods-Messenger_Demo.debug.xcconfig */,
				CF62E2D9E247966E12A45C4D /* Pods-Messenger_Demo.release.xcconfig */,
			);
			path = Pods;
			sourceTree = "<group>";
		};
/* End PBXGroup section */

/* Begin PBXNativeTarget section */
		857DB8AB26B2952100952EC7 /* Messenger_Demo */ = {
			isa = PBXNativeTarget;
			buildConfigurationList = 857DB8C026B2952300952EC7 /* Build configuration list for PBXNativeTarget "Messenger_Demo" */;
			buildPhases = (
				9225AF52C3E560C2404C9601 /* [CP] Check Pods Manifest.lock */,
				857DB8A826B2952100952EC7 /* Sources */,
				857DB8A926B2952100952EC7 /* Frameworks */,
				857DB8AA26B2952100952EC7 /* Resources */,
				450773E903BD2EF2ED58EA81 /* [CP] Embed Pods Frameworks */,
			);
			buildRules = (
			);
			dependencies = (
			);
			name = Messenger_Demo;
			productName = Messenger_Demo;
			productReference = 857DB8AC26B2952100952EC7 /* Messenger_Demo.app */;
			productType = "com.apple.product-type.application";
		};
/* End PBXNativeTarget section */

/* Begin PBXProject section */
		857DB8A426B2952100952EC7 /* Project object */ = {
			isa = PBXProject;
			attributes = {
				LastSwiftUpdateCheck = 1250;
				LastUpgradeCheck = 1250;
				TargetAttributes = {
					857DB8AB26B2952100952EC7 = {
						CreatedOnToolsVersion = 12.5.1;
					};
				};
			};
			buildConfigurationList = 857DB8A726B2952100952EC7 /* Build configuration list for PBXProject "Messenger_Demo" */;
			compatibilityVersion = "Xcode 9.3";
			developmentRegion = en;
			hasScannedForEncodings = 0;
			knownRegions = (
				en,
				Base,
			);
			mainGroup = 857DB8A326B2952100952EC7;
			productRefGroup = 857DB8AD26B2952100952EC7 /* Products */;
			projectDirPath = "";
			projectRoot = "";
			targets = (
				857DB8AB26B2952100952EC7 /* Messenger_Demo */,
			);
		};
/* End PBXProject section */

/* Begin PBXResourcesBuildPhase section */
		857DB8AA26B2952100952EC7 /* Resources */ = {
			isa = PBXResourcesBuildPhase;
			buildActionMask = 2147483647;
			files = (
				857DB8BC26B2952300952EC7 /* LaunchScreen.storyboard in Resources */,
				856109C626B408BD00AABA07 /* GoogleService-Info.plist in Resources */,
				857DB8B926B2952300952EC7 /* Assets.xcassets in Resources */,
				857DB8B726B2952100952EC7 /* Main.storyboard in Resources */,
			);
			runOnlyForDeploymentPostprocessing = 0;
		};
/* End PBXResourcesBuildPhase section */

/* Begin PBXShellScriptBuildPhase section */
		450773E903BD2EF2ED58EA81 /* [CP] Embed Pods Frameworks */ = {
			isa = PBXShellScriptBuildPhase;
			buildActionMask = 2147483647;
			files = (
			);
			inputFileListPaths = (
				"${PODS_ROOT}/Target Support Files/Pods-Messenger_Demo/Pods-Messenger_Demo-frameworks-${CONFIGURATION}-input-files.xcfilelist",
			);
			name = "[CP] Embed Pods Frameworks";
			outputFileListPaths = (
				"${PODS_ROOT}/Target Support Files/Pods-Messenger_Demo/Pods-Messenger_Demo-frameworks-${CONFIGURATION}-output-files.xcfilelist",
			);
			runOnlyForDeploymentPostprocessing = 0;
			shellPath = /bin/sh;
			shellScript = "\"${PODS_ROOT}/Target Support Files/Pods-Messenger_Demo/Pods-Messenger_Demo-frameworks.sh\"\n";
			showEnvVarsInLog = 0;
		};
		9225AF52C3E560C2404C9601 /* [CP] Check Pods Manifest.lock */ = {
			isa = PBXShellScriptBuildPhase;
			buildActionMask = 2147483647;
			files = (
			);
			inputFileListPaths = (
			);
			inputPaths = (
				"${PODS_PODFILE_DIR_PATH}/Podfile.lock",
				"${PODS_ROOT}/Manifest.lock",
			);
			name = "[CP] Check Pods Manifest.lock";
			outputFileListPaths = (
			);
			outputPaths = (
				"$(DERIVED_FILE_DIR)/Pods-Messenger_Demo-checkManifestLockResult.txt",
			);
			runOnlyForDeploymentPostprocessing = 0;
			shellPath = /bin/sh;
			shellScript = "diff \"${PODS_PODFILE_DIR_PATH}/Podfile.lock\" \"${PODS_ROOT}/Manifest.lock\" > /dev/null\nif [ $? != 0 ] ; then\n    # print error to STDERR\n    echo \"error: The sandbox is not in sync with the Podfile.lock. Run 'pod install' or update your CocoaPods installation.\" >&2\n    exit 1\nfi\n# This output is used by Xcode 'outputs' to avoid re-running this script phase.\necho \"SUCCESS\" > \"${SCRIPT_OUTPUT_FILE_0}\"\n";
			showEnvVarsInLog = 0;
		};
/* End PBXShellScriptBuildPhase section */

/* Begin PBXSourcesBuildPhase section */
		857DB8A826B2952100952EC7 /* Sources */ = {
			isa = PBXSourcesBuildPhase;
			buildActionMask = 2147483647;
			files = (
				857DB8CB26B2997D00952EC7 /* LoginViewController.swift in Sources */,
				857DB8CD26B2999A00952EC7 /* RegisterViewController.swift in Sources */,
				85FD927926B2E926003B0FD1 /* NewConversationViewController.swift in Sources */,
				857DB8B426B2952100952EC7 /* ConversationViewController.swift in Sources */,
				85FD927726B2E8E5003B0FD1 /* VideoPlayerViewController.swift in Sources */,
				85FD927E26B2F25A003B0FD1 /* Extensions.swift in Sources */,
				857DB8B026B2952100952EC7 /* AppDelegate.swift in Sources */,
				85FD927B26B2E94A003B0FD1 /* ProfileViewController.swift in Sources */,
				857DB8B226B2952100952EC7 /* SceneDelegate.swift in Sources */,
				85FD927526B2E8DC003B0FD1 /* PhotoViewerViewController.swift in Sources */,
			);
			runOnlyForDeploymentPostprocessing = 0;
		};
/* End PBXSourcesBuildPhase section */

/* Begin PBXVariantGroup section */
		857DB8B526B2952100952EC7 /* Main.storyboard */ = {
			isa = PBXVariantGroup;
			children = (
				857DB8B626B2952100952EC7 /* Base */,
			);
			name = Main.storyboard;
			sourceTree = "<group>";
		};
		857DB8BA26B2952300952EC7 /* LaunchScreen.storyboard */ = {
			isa = PBXVariantGroup;
			children = (
				857DB8BB26B2952300952EC7 /* Base */,
			);
			name = LaunchScreen.storyboard;
			sourceTree = "<group>";
		};
/* End PBXVariantGroup section */

/* Begin XCBuildConfiguration section */
		857DB8BE26B2952300952EC7 /* Debug */ = {
			isa = XCBuildConfiguration;
			buildSettings = {
				ALWAYS_SEARCH_USER_PATHS = NO;
				CLANG_ANALYZER_NONNULL = YES;
				CLANG_ANALYZER_NUMBER_OBJECT_CONVERSION = YES_AGGRESSIVE;
				CLANG_CXX_LANGUAGE_STANDARD = "gnu++14";
				CLANG_CXX_LIBRARY = "libc++";
				CLANG_ENABLE_MODULES = YES;
				CLANG_ENABLE_OBJC_ARC = YES;
				CLANG_ENABLE_OBJC_WEAK = YES;
				CLANG_WARN_BLOCK_CAPTURE_AUTORELEASING = YES;
				CLANG_WARN_BOOL_CONVERSION = YES;
				CLANG_WARN_COMMA = YES;
				CLANG_WARN_CONSTANT_CONVERSION = YES;
				CLANG_WARN_DEPRECATED_OBJC_IMPLEMENTATIONS = YES;
				CLANG_WARN_DIRECT_OBJC_ISA_USAGE = YES_ERROR;
				CLANG_WARN_DOCUMENTATION_COMMENTS = YES;
				CLANG_WARN_EMPTY_BODY = YES;
				CLANG_WARN_ENUM_CONVERSION = YES;
				CLANG_WARN_INFINITE_RECURSION = YES;
				CLANG_WARN_INT_CONVERSION = YES;
				CLANG_WARN_NON_LITERAL_NULL_CONVERSION = YES;
				CLANG_WARN_OBJC_IMPLICIT_RETAIN_SELF = YES;
				CLANG_WARN_OBJC_LITERAL_CONVERSION = YES;
				CLANG_WARN_OBJC_ROOT_CLASS = YES_ERROR;
				CLANG_WARN_QUOTED_INCLUDE_IN_FRAMEWORK_HEADER = YES;
				CLANG_WARN_RANGE_LOOP_ANALYSIS = YES;
				CLANG_WARN_STRICT_PROTOTYPES = YES;
				CLANG_WARN_SUSPICIOUS_MOVE = YES;
				CLANG_WARN_UNGUARDED_AVAILABILITY = YES_AGGRESSIVE;
				CLANG_WARN_UNREACHABLE_CODE = YES;
				CLANG_WARN__DUPLICATE_METHOD_MATCH = YES;
				COPY_PHASE_STRIP = NO;
				DEBUG_INFORMATION_FORMAT = dwarf;
				ENABLE_STRICT_OBJC_MSGSEND = YES;
				ENABLE_TESTABILITY = YES;
				GCC_C_LANGUAGE_STANDARD = gnu11;
				GCC_DYNAMIC_NO_PIC = NO;
				GCC_NO_COMMON_BLOCKS = YES;
				GCC_OPTIMIZATION_LEVEL = 0;
				GCC_PREPROCESSOR_DEFINITIONS = (
					"DEBUG=1",
					"$(inherited)",
				);
				GCC_WARN_64_TO_32_BIT_CONVERSION = YES;
				GCC_WARN_ABOUT_RETURN_TYPE = YES_ERROR;
				GCC_WARN_UNDECLARED_SELECTOR = YES;
				GCC_WARN_UNINITIALIZED_AUTOS = YES_AGGRESSIVE;
				GCC_WARN_UNUSED_FUNCTION = YES;
				GCC_WARN_UNUSED_VARIABLE = YES;
				IPHONEOS_DEPLOYMENT_TARGET = 14.5;
				MTL_ENABLE_DEBUG_INFO = INCLUDE_SOURCE;
				MTL_FAST_MATH = YES;
				ONLY_ACTIVE_ARCH = YES;
				SDKROOT = iphoneos;
				SWIFT_ACTIVE_COMPILATION_CONDITIONS = DEBUG;
				SWIFT_OPTIMIZATION_LEVEL = "-Onone";
			};
			name = Debug;
		};
		857DB8BF26B2952300952EC7 /* Release */ = {
			isa = XCBuildConfiguration;
			buildSettings = {
				ALWAYS_SEARCH_USER_PATHS = NO;
				CLANG_ANALYZER_NONNULL = YES;
				CLANG_ANALYZER_NUMBER_OBJECT_CONVERSION = YES_AGGRESSIVE;
				CLANG_CXX_LANGUAGE_STANDARD = "gnu++14";
				CLANG_CXX_LIBRARY = "libc++";
				CLANG_ENABLE_MODULES = YES;
				CLANG_ENABLE_OBJC_ARC = YES;
				CLANG_ENABLE_OBJC_WEAK = YES;
				CLANG_WARN_BLOCK_CAPTURE_AUTORELEASING = YES;
				CLANG_WARN_BOOL_CONVERSION = YES;
				CLANG_WARN_COMMA = YES;
				CLANG_WARN_CONSTANT_CONVERSION = YES;
				CLANG_WARN_DEPRECATED_OBJC_IMPLEMENTATIONS = YES;
				CLANG_WARN_DIRECT_OBJC_ISA_USAGE = YES_ERROR;
				CLANG_WARN_DOCUMENTATION_COMMENTS = YES;
				CLANG_WARN_EMPTY_BODY = YES;
				CLANG_WARN_ENUM_CONVERSION = YES;
				CLANG_WARN_INFINITE_RECURSION = YES;
				CLANG_WARN_INT_CONVERSION = YES;
				CLANG_WARN_NON_LITERAL_NULL_CONVERSION = YES;
				CLANG_WARN_OBJC_IMPLICIT_RETAIN_SELF = YES;
				CLANG_WARN_OBJC_LITERAL_CONVERSION = YES;
				CLANG_WARN_OBJC_ROOT_CLASS = YES_ERROR;
				CLANG_WARN_QUOTED_INCLUDE_IN_FRAMEWORK_HEADER = YES;
				CLANG_WARN_RANGE_LOOP_ANALYSIS = YES;
				CLANG_WARN_STRICT_PROTOTYPES = YES;
				CLANG_WARN_SUSPICIOUS_MOVE = YES;
				CLANG_WARN_UNGUARDED_AVAILABILITY = YES_AGGRESSIVE;
				CLANG_WARN_UNREACHABLE_CODE = YES;
				CLANG_WARN__DUPLICATE_METHOD_MATCH = YES;
				COPY_PHASE_STRIP = NO;
				DEBUG_INFORMATION_FORMAT = "dwarf-with-dsym";
				ENABLE_NS_ASSERTIONS = NO;
				ENABLE_STRICT_OBJC_MSGSEND = YES;
				GCC_C_LANGUAGE_STANDARD = gnu11;
				GCC_NO_COMMON_BLOCKS = YES;
				GCC_WARN_64_TO_32_BIT_CONVERSION = YES;
				GCC_WARN_ABOUT_RETURN_TYPE = YES_ERROR;
				GCC_WARN_UNDECLARED_SELECTOR = YES;
				GCC_WARN_UNINITIALIZED_AUTOS = YES_AGGRESSIVE;
				GCC_WARN_UNUSED_FUNCTION = YES;
				GCC_WARN_UNUSED_VARIABLE = YES;
				IPHONEOS_DEPLOYMENT_TARGET = 14.5;
				MTL_ENABLE_DEBUG_INFO = NO;
				MTL_FAST_MATH = YES;
				SDKROOT = iphoneos;
				SWIFT_COMPILATION_MODE = wholemodule;
				SWIFT_OPTIMIZATION_LEVEL = "-O";
				VALIDATE_PRODUCT = YES;
			};
			name = Release;
		};
		857DB8C126B2952300952EC7 /* Debug */ = {
			isa = XCBuildConfiguration;
			baseConfigurationReference = 483CBBFB9FEC6FB4649DDED8 /* Pods-Messenger_Demo.debug.xcconfig */;
			buildSettings = {
				ASSETCATALOG_COMPILER_APPICON_NAME = AppIcon;
				ASSETCATALOG_COMPILER_GLOBAL_ACCENT_COLOR_NAME = AccentColor;
				CODE_SIGN_STYLE = Automatic;
				DEVELOPMENT_TEAM = HVTM99F8Y2;
				INFOPLIST_FILE = Messenger_Demo/Info.plist;
				IPHONEOS_DEPLOYMENT_TARGET = 13.0;
				LD_RUNPATH_SEARCH_PATHS = (
					"$(inherited)",
					"@executable_path/Frameworks",
				);
				PRODUCT_BUNDLE_IDENTIFIER = "sivhourang.Messenger-Demo";
				PRODUCT_NAME = "$(TARGET_NAME)";
				SWIFT_VERSION = 5.0;
				TARGETED_DEVICE_FAMILY = "1,2";
			};
			name = Debug;
		};
		857DB8C226B2952300952EC7 /* Release */ = {
			isa = XCBuildConfiguration;
			baseConfigurationReference = CF62E2D9E247966E12A45C4D /* Pods-Messenger_Demo.release.xcconfig */;
			buildSettings = {
				ASSETCATALOG_COMPILER_APPICON_NAME = AppIcon;
				ASSETCATALOG_COMPILER_GLOBAL_ACCENT_COLOR_NAME = AccentColor;
				CODE_SIGN_STYLE = Automatic;
				DEVELOPMENT_TEAM = HVTM99F8Y2;
				INFOPLIST_FILE = Messenger_Demo/Info.plist;
				IPHONEOS_DEPLOYMENT_TARGET = 13.0;
				LD_RUNPATH_SEARCH_PATHS = (
					"$(inherited)",
					"@executable_path/Frameworks",
				);
				PRODUCT_BUNDLE_IDENTIFIER = "sivhourang.Messenger-Demo";
				PRODUCT_NAME = "$(TARGET_NAME)";
				SWIFT_VERSION = 5.0;
				TARGETED_DEVICE_FAMILY = "1,2";
			};
			name = Release;
		};
/* End XCBuildConfiguration section */

/* Begin XCConfigurationList section */
		857DB8A726B2952100952EC7 /* Build configuration list for PBXProject "Messenger_Demo" */ = {
			isa = XCConfigurationList;
			buildConfigurations = (
				857DB8BE26B2952300952EC7 /* Debug */,
				857DB8BF26B2952300952EC7 /* Release */,
			);
			defaultConfigurationIsVisible = 0;
			defaultConfigurationName = Release;
		};
		857DB8C026B2952300952EC7 /* Build configuration list for PBXNativeTarget "Messenger_Demo" */ = {
			isa = XCConfigurationList;
			buildConfigurations = (
				857DB8C126B2952300952EC7 /* Debug */,
				857DB8C226B2952300952EC7 /* Release */,
			);
			defaultConfigurationIsVisible = 0;
			defaultConfigurationName = Release;
		};
/* End XCConfigurationList section */
	};
	rootObject = 857DB8A426B2952100952EC7 /* Project object */;
}
